
Microsoft Visual Studio Solution File, Format Version 12.00
# Visual Studio Version 17
VisualStudioVersion = 17.6.33829.357
MinimumVisualStudioVersion = 10.0.40219.1
Project("{FAE04EC0-301F-11D3-BF4B-00C04F79EFBC}") = "Authentication_CRUD", "Authentication_CRUD\Authentication_CRUD.csproj", "{721433BE-1E3A-403E-98D3-DD1338361B20}"
EndProject
Global
	GlobalSection(SolutionConfigurationPlatforms) = preSolution
		Debug|Any CPU = Debug|Any CPU
		Release|Any CPU = Release|Any CPU
	EndGlobalSection
	GlobalSection(ProjectConfigurationPlatforms) = postSolution
		{721433BE-1E3A-403E-98D3-DD1338361B20}.Debug|Any CPU.ActiveCfg = Debug|Any CPU
		{721433BE-1E3A-403E-98D3-DD1338361B20}.Debug|Any CPU.Build.0 = Debug|Any CPU
		{721433BE-1E3A-403E-98D3-DD1338361B20}.Release|Any CPU.ActiveCfg = Release|Any CPU
		{721433BE-1E3A-403E-98D3-DD1338361B20}.Release|Any CPU.Build.0 = Release|Any CPU
	EndGlobalSection
	GlobalSection(SolutionProperties) = preSolution
		HideSolutionNode = FALSE
	EndGlobalSection
	GlobalSection(ExtensibilityGlobals) = postSolution
		SolutionGuid = {DBEF50BB-3E49-4CDA-A1ED-8001054B679B}
	EndGlobalSection
EndGlobal
